
Microsoft Visual Studio Solution File, Format Version 12.00
# Visual Studio Version 17
VisualStudioVersion = 17.0.32014.148
MinimumVisualStudioVersion = 10.0.40219.1
Project("{FAE04EC0-301F-11D3-BF4B-00C04F79EFBC}") = "CiCdTest", "CiCdTest\CiCdTest.csproj", "{DCE95EE7-2814-4867-B235-60511EBDD680}"
EndProject
Project("{FAE04EC0-301F-11D3-BF4B-00C04F79EFBC}") = "UiTest", "UiTest\UiTest.csproj", "{C309B20D-7C5D-4960-8AA2-3B4A42B9E916}"
EndProject
Global
	GlobalSection(SolutionConfigurationPlatforms) = preSolution
		Debug|Any CPU = Debug|Any CPU
		Release|Any CPU = Release|Any CPU
	EndGlobalSection
	GlobalSection(ProjectConfigurationPlatforms) = postSolution
		{DCE95EE7-2814-4867-B235-60511EBDD680}.Debug|Any CPU.ActiveCfg = Debug|Any CPU
		{DCE95EE7-2814-4867-B235-60511EBDD680}.Debug|Any CPU.Build.0 = Debug|Any CPU
		{DCE95EE7-2814-4867-B235-60511EBDD680}.Release|Any CPU.ActiveCfg = Release|Any CPU
		{DCE95EE7-2814-4867-B235-60511EBDD680}.Release|Any CPU.Build.0 = Release|Any CPU
		{C309B20D-7C5D-4960-8AA2-3B4A42B9E916}.Debug|Any CPU.ActiveCfg = Debug|Any CPU
		{C309B20D-7C5D-4960-8AA2-3B4A42B9E916}.Debug|Any CPU.Build.0 = Debug|Any CPU
		{C309B20D-7C5D-4960-8AA2-3B4A42B9E916}.Release|Any CPU.ActiveCfg = Release|Any CPU
		{C309B20D-7C5D-4960-8AA2-3B4A42B9E916}.Release|Any CPU.Build.0 = Release|Any CPU
	EndGlobalSection
	GlobalSection(SolutionProperties) = preSolution
		HideSolutionNode = FALSE
	EndGlobalSection
	GlobalSection(ExtensibilityGlobals) = postSolution
		SolutionGuid = {64CFA491-F28A-4DC2-BC54-740DA8CE8CDF}
	EndGlobalSection
EndGlobal
